
Microsoft Visual Studio Solution File, Format Version 12.00
# Visual Studio Version 17
VisualStudioVersion = 17.5.33502.453
MinimumVisualStudioVersion = 10.0.40219.1
Project("{9A19103F-16F7-4668-BE54-9A1E7A4F7556}") = "MongoDbDemo", "MongoDbDemo.csproj", "{88744C24-2A59-40B3-BB7D-68CFD50FE197}"
EndProject
Global
	GlobalSection(SolutionConfigurationPlatforms) = preSolution
		Debug|Any CPU = Debug|Any CPU
		Release|Any CPU = Release|Any CPU
	EndGlobalSection
	GlobalSection(ProjectConfigurationPlatforms) = postSolution
		{88744C24-2A59-40B3-BB7D-68CFD50FE197}.Debug|Any CPU.ActiveCfg = Debug|Any CPU
		{88744C24-2A59-40B3-BB7D-68CFD50FE197}.Debug|Any CPU.Build.0 = Debug|Any CPU
		{88744C24-2A59-40B3-BB7D-68CFD50FE197}.Release|Any CPU.ActiveCfg = Release|Any CPU
		{88744C24-2A59-40B3-BB7D-68CFD50FE197}.Release|Any CPU.Build.0 = Release|Any CPU
	EndGlobalSection
	GlobalSection(SolutionProperties) = preSolution
		HideSolutionNode = FALSE
	EndGlobalSection
	GlobalSection(ExtensibilityGlobals) = postSolution
		SolutionGuid = {53A84B69-56FC-47B6-9EFB-540D6B016CD6}
	EndGlobalSection
EndGlobal
